
Microsoft Visual Studio Solution File, Format Version 12.00
# Visual Studio Version 16
VisualStudioVersion = 16.0.30804.86
MinimumVisualStudioVersion = 10.0.40219.1
Project("{FAE04EC0-301F-11D3-BF4B-00C04F79EFBC}") = "UASPAW_115", "UASPAW_115.csproj", "{80F43993-D972-4275-9D77-D2D10DA5F174}"
EndProject
Global
	GlobalSection(SolutionConfigurationPlatforms) = preSolution
		Debug|Any CPU = Debug|Any CPU
		Release|Any CPU = Release|Any CPU
	EndGlobalSection
	GlobalSection(ProjectConfigurationPlatforms) = postSolution
		{80F43993-D972-4275-9D77-D2D10DA5F174}.Debug|Any CPU.ActiveCfg = Debug|Any CPU
		{80F43993-D972-4275-9D77-D2D10DA5F174}.Debug|Any CPU.Build.0 = Debug|Any CPU
		{80F43993-D972-4275-9D77-D2D10DA5F174}.Release|Any CPU.ActiveCfg = Release|Any CPU
		{80F43993-D972-4275-9D77-D2D10DA5F174}.Release|Any CPU.Build.0 = Release|Any CPU
	EndGlobalSection
	GlobalSection(SolutionProperties) = preSolution
		HideSolutionNode = FALSE
	EndGlobalSection
	GlobalSection(ExtensibilityGlobals) = postSolution
		SolutionGuid = {98944471-1826-4B25-98E4-060193EE3031}
	EndGlobalSection
EndGlobal
